Microsoft Visual Studio Solution File, Format Version 12.00
# Visual Studio Version 16
VisualStudioVersion = 16.0.28803.156
MinimumVisualStudioVersion = 10.0.40219.1
Project("{9A19103F-16F7-4668-BE54-9A1E7A4F7556}") = "SimpleTutorials", "Csharp Tutorial\SimpleTutorials\SimpleTutorials.csproj", "{67ECE9E8-CCBE-448C-B975-835590BBEF06}"
EndProject
Project("{9A19103F-16F7-4668-BE54-9A1E7A4F7556}") = "Classes", "Csharp Tutorial\classes\Classes.csproj", "{C6238A61-0520-485E-AE64-20E802B43C07}"
EndProject
Project("{FAE04EC0-301F-11D3-BF4B-00C04F79EFBC}") = "Mod1_Lab1", "edX\DEV204.1\Mod1\Mod1_Lab1\Mod1_Lab1.csproj", "{FACD518D-5441-4AA0-B927-E01771EB40F9}"
EndProject
Project("{FAE04EC0-301F-11D3-BF4B-00C04F79EFBC}") = "Mod2_Lab1", "edX\DEV204.1\Mod2\Mod2_Lab1\Mod2_Lab1.csproj", "{85EA1F29-4722-40A6-8BF4-FDF0252DFDB5}"
EndProject
Project("{FAE04EC0-301F-11D3-BF4B-00C04F79EFBC}") = "Mod2_Lab2", "edX\DEV204.1\Mod2\Mod2_Lab2\Mod2_Lab2.csproj", "{890C6C8B-C695-4226-8EF5-8FC2000279EF}"
EndProject
Project("{FAE04EC0-301F-11D3-BF4B-00C04F79EFBC}") = "Mod2_Lab3", "edX\DEV204.1\Mod2\Mod2_Lab3\Mod2_Lab3.csproj", "{5FB306C4-A395-4CAD-BEB0-054CC297F4D3}"
EndProject
Project("{FAE04EC0-301F-11D3-BF4B-00C04F79EFBC}") = "Mod2_Lab4", "edX\DEV204.1\Mod2\Mod2_Lab4\Mod2_Lab4.csproj", "{4FA3F8CE-7130-4970-AB1A-AAE743E6B131}"
EndProject
Project("{FAE04EC0-301F-11D3-BF4B-00C04F79EFBC}") = "Mod2_Assessment", "edX\DEV204.1\Mod2\Mod2_Assessment\Mod2_Assessment.csproj", "{BB70BE99-AA6C-45E1-9967-1924BD464B17}"
EndProject
Project("{FAE04EC0-301F-11D3-BF4B-00C04F79EFBC}") = "Mod3_Lab1", "edX\DEV204.1\Mod3\Mod3_Lab1\Mod3_Lab1.csproj", "{4912B455-F13B-4D6D-B7DF-BC391446B351}"
EndProject
Project("{FAE04EC0-301F-11D3-BF4B-00C04F79EFBC}") = "Mod3_Lab2", "edX\DEV204.1\Mod3\Mod3_Lab2\Mod3_Lab2.csproj", "{146A35F0-528D-4F4F-984D-EBC04F95DE6C}"
EndProject
Project("{FAE04EC0-301F-11D3-BF4B-00C04F79EFBC}") = "Mod3_Assessment", "edX\DEV204.1\Mod3\Mod3_Assessment\Mod3_Assessment.csproj", "{67CD471A-399C-42D1-88EA-7FA3B9A94BA5}"
EndProject
Project("{2150E333-8FDC-42A3-9474-1A3956D46DE8}") = "Mod1", "Mod1", "{A6F12C21-336C-46F0-8584-5D9AE84613E9}"
EndProject
Project("{2150E333-8FDC-42A3-9474-1A3956D46DE8}") = "Mod2", "Mod2", "{4FF3D1D0-AE81-491C-B807-5352A5AE907A}"
EndProject
Project("{2150E333-8FDC-42A3-9474-1A3956D46DE8}") = "Mod3", "Mod3", "{6A32B949-D00C-442E-B21A-E9422138A31E}"
EndProject
Project("{2150E333-8FDC-42A3-9474-1A3956D46DE8}") = "Csharp Tutorial", "Csharp Tutorial", "{B3374217-3522-4946-8AF9-B063671378D9}"
EndProject
Project("{2150E333-8FDC-42A3-9474-1A3956D46DE8}") = "edX", "edX", "{3325EB25-D837-4BCA-ABBB-EC70673E77C3}"
EndProject
Project("{2150E333-8FDC-42A3-9474-1A3956D46DE8}") = "DEV204.1", "DEV204.1", "{8EECA12C-8EDC-4ED7-BC21-0C77354FC8DD}"
EndProject
Project("{2150E333-8FDC-42A3-9474-1A3956D46DE8}") = "DEV204.2", "DEV204.2", "{C2FDB023-7C7A-4B38-A22A-6F28F8397D0C}"
EndProject
Project("{2150E333-8FDC-42A3-9474-1A3956D46DE8}") = "Mod1", "Mod1", "{69AC1743-5338-482F-89BB-20CF0214F3A8}"
EndProject
Project("{FAE04EC0-301F-11D3-BF4B-00C04F79EFBC}") = "Mod1_Lab1", "edX\DEV204.2\Mod1\Mod1_Lab1\Mod1_Lab1.csproj", "{77CB08AB-6C24-4054-BF33-A0EEF899D340}"
EndProject
Project("{2150E333-8FDC-42A3-9474-1A3956D46DE8}") = "Mod2", "Mod2", "{9F1469E9-6C43-473D-9AF3-5CF1D2570F1E}"
EndProject
Project("{FAE04EC0-301F-11D3-BF4B-00C04F79EFBC}") = "Mod2_Lab1", "edX\DEV204.2\Mod2\Mod2_Lab1\Mod2_Lab1.csproj", "{04BBD4EE-91F1-46A1-BADE-3E564768BE65}"
EndProject
Project("{2150E333-8FDC-42A3-9474-1A3956D46DE8}") = "Mod3", "Mod3", "{4D66202D-45F5-4F00-BBCB-6DFD21AF520B}"
EndProject
Project("{FAE04EC0-301F-11D3-BF4B-00C04F79EFBC}") = "Mod3_Lab1", "edX\DEV204.2\Mod3\Mod3_Lab1\Mod3_Lab1.csproj", "{91ED6D64-1319-4247-AFD7-6684BF280AB2}"
EndProject
Global
	GlobalSection(SolutionConfigurationPlatforms) = preSolution
		Debug|Any CPU = Debug|Any CPU
		Release|Any CPU = Release|Any CPU
	EndGlobalSection
	GlobalSection(ProjectConfigurationPlatforms) = postSolution
		{67ECE9E8-CCBE-448C-B975-835590BBEF06}.Debug|Any CPU.ActiveCfg = Debug|Any CPU
		{67ECE9E8-CCBE-448C-B975-835590BBEF06}.Debug|Any CPU.Build.0 = Debug|Any CPU
		{67ECE9E8-CCBE-448C-B975-835590BBEF06}.Release|Any CPU.ActiveCfg = Release|Any CPU
		{67ECE9E8-CCBE-448C-B975-835590BBEF06}.Release|Any CPU.Build.0 = Release|Any CPU
		{C6238A61-0520-485E-AE64-20E802B43C07}.Debug|Any CPU.ActiveCfg = Debug|Any CPU
		{C6238A61-0520-485E-AE64-20E802B43C07}.Debug|Any CPU.Build.0 = Debug|Any CPU
		{C6238A61-0520-485E-AE64-20E802B43C07}.Release|Any CPU.ActiveCfg = Release|Any CPU
		{C6238A61-0520-485E-AE64-20E802B43C07}.Release|Any CPU.Build.0 = Release|Any CPU
		{FACD518D-5441-4AA0-B927-E01771EB40F9}.Debug|Any CPU.ActiveCfg = Debug|Any CPU
		{FACD518D-5441-4AA0-B927-E01771EB40F9}.Debug|Any CPU.Build.0 = Debug|Any CPU
		{FACD518D-5441-4AA0-B927-E01771EB40F9}.Release|Any CPU.ActiveCfg = Release|Any CPU
		{FACD518D-5441-4AA0-B927-E01771EB40F9}.Release|Any CPU.Build.0 = Release|Any CPU
		{85EA1F29-4722-40A6-8BF4-FDF0252DFDB5}.Debug|Any CPU.ActiveCfg = Debug|Any CPU
		{85EA1F29-4722-40A6-8BF4-FDF0252DFDB5}.Debug|Any CPU.Build.0 = Debug|Any CPU
		{85EA1F29-4722-40A6-8BF4-FDF0252DFDB5}.Release|Any CPU.ActiveCfg = Release|Any CPU
		{85EA1F29-4722-40A6-8BF4-FDF0252DFDB5}.Release|Any CPU.Build.0 = Release|Any CPU
		{890C6C8B-C695-4226-8EF5-8FC2000279EF}.Debug|Any CPU.ActiveCfg = Debug|Any CPU
		{890C6C8B-C695-4226-8EF5-8FC2000279EF}.Debug|Any CPU.Build.0 = Debug|Any CPU
		{890C6C8B-C695-4226-8EF5-8FC2000279EF}.Release|Any CPU.ActiveCfg = Release|Any CPU
		{890C6C8B-C695-4226-8EF5-8FC2000279EF}.Release|Any CPU.Build.0 = Release|Any CPU
		{5FB306C4-A395-4CAD-BEB0-054CC297F4D3}.Debug|Any CPU.ActiveCfg = Debug|Any CPU
		{5FB306C4-A395-4CAD-BEB0-054CC297F4D3}.Debug|Any CPU.Build.0 = Debug|Any CPU
		{5FB306C4-A395-4CAD-BEB0-054CC297F4D3}.Release|Any CPU.ActiveCfg = Release|Any CPU
		{5FB306C4-A395-4CAD-BEB0-054CC297F4D3}.Release|Any CPU.Build.0 = Release|Any CPU
		{4FA3F8CE-7130-4970-AB1A-AAE743E6B131}.Debug|Any CPU.ActiveCfg = Debug|Any CPU
		{4FA3F8CE-7130-4970-AB1A-AAE743E6B131}.Debug|Any CPU.Build.0 = Debug|Any CPU
		{4FA3F8CE-7130-4970-AB1A-AAE743E6B131}.Release|Any CPU.ActiveCfg = Release|Any CPU
		{4FA3F8CE-7130-4970-AB1A-AAE743E6B131}.Release|Any CPU.Build.0 = Release|Any CPU
		{BB70BE99-AA6C-45E1-9967-1924BD464B17}.Debug|Any CPU.ActiveCfg = Debug|Any CPU
		{BB70BE99-AA6C-45E1-9967-1924BD464B17}.Debug|Any CPU.Build.0 = Debug|Any CPU
		{BB70BE99-AA6C-45E1-9967-1924BD464B17}.Release|Any CPU.ActiveCfg = Release|Any CPU
		{BB70BE99-AA6C-45E1-9967-1924BD464B17}.Release|Any CPU.Build.0 = Release|Any CPU
		{4912B455-F13B-4D6D-B7DF-BC391446B351}.Debug|Any CPU.ActiveCfg = Debug|Any CPU
		{4912B455-F13B-4D6D-B7DF-BC391446B351}.Debug|Any CPU.Build.0 = Debug|Any CPU
		{4912B455-F13B-4D6D-B7DF-BC391446B351}.Release|Any CPU.ActiveCfg = Release|Any CPU
		{4912B455-F13B-4D6D-B7DF-BC391446B351}.Release|Any CPU.Build.0 = Release|Any CPU
		{146A35F0-528D-4F4F-984D-EBC04F95DE6C}.Debug|Any CPU.ActiveCfg = Debug|Any CPU
		{146A35F0-528D-4F4F-984D-EBC04F95DE6C}.Debug|Any CPU.Build.0 = Debug|Any CPU
		{146A35F0-528D-4F4F-984D-EBC04F95DE6C}.Release|Any CPU.ActiveCfg = Release|Any CPU
		{146A35F0-528D-4F4F-984D-EBC04F95DE6C}.Release|Any CPU.Build.0 = Release|Any CPU
		{67CD471A-399C-42D1-88EA-7FA3B9A94BA5}.Debug|Any CPU.ActiveCfg = Debug|Any CPU
		{67CD471A-399C-42D1-88EA-7FA3B9A94BA5}.Debug|Any CPU.Build.0 = Debug|Any CPU
		{67CD471A-399C-42D1-88EA-7FA3B9A94BA5}.Release|Any CPU.ActiveCfg = Release|Any CPU
		{67CD471A-399C-42D1-88EA-7FA3B9A94BA5}.Release|Any CPU.Build.0 = Release|Any CPU
		{77CB08AB-6C24-4054-BF33-A0EEF899D340}.Debug|Any CPU.ActiveCfg = Debug|Any CPU
		{77CB08AB-6C24-4054-BF33-A0EEF899D340}.Debug|Any CPU.Build.0 = Debug|Any CPU
		{77CB08AB-6C24-4054-BF33-A0EEF899D340}.Release|Any CPU.ActiveCfg = Release|Any CPU
		{77CB08AB-6C24-4054-BF33-A0EEF899D340}.Release|Any CPU.Build.0 = Release|Any CPU
		{04BBD4EE-91F1-46A1-BADE-3E564768BE65}.Debug|Any CPU.ActiveCfg = Debug|Any CPU
		{04BBD4EE-91F1-46A1-BADE-3E564768BE65}.Debug|Any CPU.Build.0 = Debug|Any CPU
		{04BBD4EE-91F1-46A1-BADE-3E564768BE65}.Release|Any CPU.ActiveCfg = Release|Any CPU
		{04BBD4EE-91F1-46A1-BADE-3E564768BE65}.Release|Any CPU.Build.0 = Release|Any CPU
		{91ED6D64-1319-4247-AFD7-6684BF280AB2}.Debug|Any CPU.ActiveCfg = Debug|Any CPU
		{91ED6D64-1319-4247-AFD7-6684BF280AB2}.Debug|Any CPU.Build.0 = Debug|Any CPU
		{91ED6D64-1319-4247-AFD7-6684BF280AB2}.Release|Any CPU.ActiveCfg = Release|Any CPU
		{91ED6D64-1319-4247-AFD7-6684BF280AB2}.Release|Any CPU.Build.0 = Release|Any CPU
	EndGlobalSection
	GlobalSection(SolutionProperties) = preSolution
		HideSolutionNode = FALSE
	EndGlobalSection
	GlobalSection(NestedProjects) = preSolution
		{67ECE9E8-CCBE-448C-B975-835590BBEF06} = {B3374217-3522-4946-8AF9-B063671378D9}
		{C6238A61-0520-485E-AE64-20E802B43C07} = {B3374217-3522-4946-8AF9-B063671378D9}
		{FACD518D-5441-4AA0-B927-E01771EB40F9} = {A6F12C21-336C-46F0-8584-5D9AE84613E9}
		{85EA1F29-4722-40A6-8BF4-FDF0252DFDB5} = {4FF3D1D0-AE81-491C-B807-5352A5AE907A}
		{890C6C8B-C695-4226-8EF5-8FC2000279EF} = {4FF3D1D0-AE81-491C-B807-5352A5AE907A}
		{5FB306C4-A395-4CAD-BEB0-054CC297F4D3} = {4FF3D1D0-AE81-491C-B807-5352A5AE907A}
		{4FA3F8CE-7130-4970-AB1A-AAE743E6B131} = {4FF3D1D0-AE81-491C-B807-5352A5AE907A}
		{BB70BE99-AA6C-45E1-9967-1924BD464B17} = {4FF3D1D0-AE81-491C-B807-5352A5AE907A}
		{4912B455-F13B-4D6D-B7DF-BC391446B351} = {6A32B949-D00C-442E-B21A-E9422138A31E}
		{146A35F0-528D-4F4F-984D-EBC04F95DE6C} = {6A32B949-D00C-442E-B21A-E9422138A31E}
		{67CD471A-399C-42D1-88EA-7FA3B9A94BA5} = {6A32B949-D00C-442E-B21A-E9422138A31E}
		{A6F12C21-336C-46F0-8584-5D9AE84613E9} = {8EECA12C-8EDC-4ED7-BC21-0C77354FC8DD}
		{4FF3D1D0-AE81-491C-B807-5352A5AE907A} = {8EECA12C-8EDC-4ED7-BC21-0C77354FC8DD}
		{6A32B949-D00C-442E-B21A-E9422138A31E} = {8EECA12C-8EDC-4ED7-BC21-0C77354FC8DD}
		{8EECA12C-8EDC-4ED7-BC21-0C77354FC8DD} = {3325EB25-D837-4BCA-ABBB-EC70673E77C3}
		{C2FDB023-7C7A-4B38-A22A-6F28F8397D0C} = {3325EB25-D837-4BCA-ABBB-EC70673E77C3}
		{69AC1743-5338-482F-89BB-20CF0214F3A8} = {C2FDB023-7C7A-4B38-A22A-6F28F8397D0C}
		{77CB08AB-6C24-4054-BF33-A0EEF899D340} = {69AC1743-5338-482F-89BB-20CF0214F3A8}
		{9F1469E9-6C43-473D-9AF3-5CF1D2570F1E} = {C2FDB023-7C7A-4B38-A22A-6F28F8397D0C}
		{04BBD4EE-91F1-46A1-BADE-3E564768BE65} = {9F1469E9-6C43-473D-9AF3-5CF1D2570F1E}
		{4D66202D-45F5-4F00-BBCB-6DFD21AF520B} = {C2FDB023-7C7A-4B38-A22A-6F28F8397D0C}
		{91ED6D64-1319-4247-AFD7-6684BF280AB2} = {4D66202D-45F5-4F00-BBCB-6DFD21AF520B}
	EndGlobalSection
	GlobalSection(ExtensibilityGlobals) = postSolution
		SolutionGuid = {2D55075E-7696-4D4A-ACBE-C6B657EDFDDF}
	EndGlobalSection
EndGlobal
